// !$*UTF8*$!
{
	archiveVersion = 1;
	classes = {
	};
	objectVersion = 56;
	objects = {

/* Begin PBXBuildFile section */
		A10000001 /* GhostTypeApp.swift in Sources */ = {isa = PBXBuildFile; fileRef = A20000001 /* GhostTypeApp.swift */; };
		A10000002 /* AppDelegate.swift in Sources */ = {isa = PBXBuildFile; fileRef = A20000002 /* AppDelegate.swift */; };
		A10000003 /* SettingsView.swift in Sources */ = {isa = PBXBuildFile; fileRef = A20000003 /* SettingsView.swift */; };
		A10000004 /* AccessibilityManager.swift in Sources */ = {isa = PBXBuildFile; fileRef = A20000004 /* AccessibilityManager.swift */; };
		A10000005 /* GlobalKeyMonitor.swift in Sources */ = {isa = PBXBuildFile; fileRef = A20000005 /* GlobalKeyMonitor.swift */; };
		A10000006 /* CompletionEngine.swift in Sources */ = {isa = PBXBuildFile; fileRef = A20000006 /* CompletionEngine.swift */; };
		A10000020 /* InputSourceMonitor.swift in Sources */ = {isa = PBXBuildFile; fileRef = A20000020 /* InputSourceMonitor.swift */; };
		A10000021 /* CompletionController.swift in Sources */ = {isa = PBXBuildFile; fileRef = A20000021 /* CompletionController.swift */; };
		A10000044 /* AppCompatibility.swift in Sources */ = {isa = PBXBuildFile; fileRef = A20000044 /* AppCompatibility.swift */; };
		A10000045 /* WritingStyleStore.swift in Sources */ = {isa = PBXBuildFile; fileRef = A20000045 /* WritingStyleStore.swift */; };
		A10000007 /* LLMProvider.swift in Sources */ = {isa = PBXBuildFile; fileRef = A20000007 /* LLMProvider.swift */; };
		A10000040 /* BundledLlamaServer.swift in Sources */ = {isa = PBXBuildFile; fileRef = A20000040 /* BundledLlamaServer.swift */; };
		A10000041 /* ModelCatalog.swift in Sources */ = {isa = PBXBuildFile; fileRef = A20000041 /* ModelCatalog.swift */; };
		A10000042 /* ModelDownloader.swift in Sources */ = {isa = PBXBuildFile; fileRef = A20000042 /* ModelDownloader.swift */; };
		A10000043 /* CompletionGrammar.swift in Sources */ = {isa = PBXBuildFile; fileRef = A20000043 /* CompletionGrammar.swift */; };
		A10000011 /* OverlayWindow.swift in Sources */ = {isa = PBXBuildFile; fileRef = A20000011 /* OverlayWindow.swift */; };
		A10000012 /* CompletionPopup.swift in Sources */ = {isa = PBXBuildFile; fileRef = A20000012 /* CompletionPopup.swift */; };
		A10000013 /* Assets.xcassets in Resources */ = {isa = PBXBuildFile; fileRef = A20000013 /* Assets.xcassets */; };
		A10000015 /* MenuBarView.swift in Sources */ = {isa = PBXBuildFile; fileRef = A20000017 /* MenuBarView.swift */; };
		A10000030 /* Localizable.xcstrings in Resources */ = {isa = PBXBuildFile; fileRef = A20000030 /* Localizable.xcstrings */; };
		A10000031 /* InfoPlist.xcstrings in Resources */ = {isa = PBXBuildFile; fileRef = A20000031 /* InfoPlist.xcstrings */; };
		B10000001 /* Sparkle in Frameworks */ = {isa = PBXBuildFile; productRef = B90000001 /* Sparkle */; };
/* End PBXBuildFile section */

/* Begin PBXFileReference section */
		A20000001 /* GhostTypeApp.swift */ = {isa = PBXFileReference; lastKnownFileType = sourcecode.swift; path = GhostTypeApp.swift; sourceTree = "<group>"; };
		A20000002 /* AppDelegate.swift */ = {isa = PBXFileReference; lastKnownFileType = sourcecode.swift; path = AppDelegate.swift; sourceTree = "<group>"; };
		A20000003 /* SettingsView.swift */ = {isa = PBXFileReference; lastKnownFileType = sourcecode.swift; path = SettingsView.swift; sourceTree = "<group>"; };
		A20000004 /* AccessibilityManager.swift */ = {isa = PBXFileReference; lastKnownFileType = sourcecode.swift; path = AccessibilityManager.swift; sourceTree = "<group>"; };
		A20000005 /* GlobalKeyMonitor.swift */ = {isa = PBXFileReference; lastKnownFileType = sourcecode.swift; path = GlobalKeyMonitor.swift; sourceTree = "<group>"; };
		A20000006 /* CompletionEngine.swift */ = {isa = PBXFileReference; lastKnownFileType = sourcecode.swift; path = CompletionEngine.swift; sourceTree = "<group>"; };
		A20000020 /* InputSourceMonitor.swift */ = {isa = PBXFileReference; lastKnownFileType = sourcecode.swift; path = InputSourceMonitor.swift; sourceTree = "<group>"; };
		A20000021 /* CompletionController.swift */ = {isa = PBXFileReference; lastKnownFileType = sourcecode.swift; path = CompletionController.swift; sourceTree = "<group>"; };
		A20000044 /* AppCompatibility.swift */ = {isa = PBXFileReference; lastKnownFileType = sourcecode.swift; path = AppCompatibility.swift; sourceTree = "<group>"; };
		A20000045 /* WritingStyleStore.swift */ = {isa = PBXFileReference; lastKnownFileType = sourcecode.swift; path = WritingStyleStore.swift; sourceTree = "<group>"; };
		A20000007 /* LLMProvider.swift */ = {isa = PBXFileReference; lastKnownFileType = sourcecode.swift; path = LLMProvider.swift; sourceTree = "<group>"; };
		A20000040 /* BundledLlamaServer.swift */ = {isa = PBXFileReference; lastKnownFileType = sourcecode.swift; path = BundledLlamaServer.swift; sourceTree = "<group>"; };
		A20000041 /* ModelCatalog.swift */ = {isa = PBXFileReference; lastKnownFileType = sourcecode.swift; path = ModelCatalog.swift; sourceTree = "<group>"; };
		A20000042 /* ModelDownloader.swift */ = {isa = PBXFileReference; lastKnownFileType = sourcecode.swift; path = ModelDownloader.swift; sourceTree = "<group>"; };
		A20000043 /* CompletionGrammar.swift */ = {isa = PBXFileReference; lastKnownFileType = sourcecode.swift; path = CompletionGrammar.swift; sourceTree = "<group>"; };
		A20000011 /* OverlayWindow.swift */ = {isa = PBXFileReference; lastKnownFileType = sourcecode.swift; path = OverlayWindow.swift; sourceTree = "<group>"; };
		A20000012 /* CompletionPopup.swift */ = {isa = PBXFileReference; lastKnownFileType = sourcecode.swift; path = CompletionPopup.swift; sourceTree = "<group>"; };
		A20000013 /* Assets.xcassets */ = {isa = PBXFileReference; lastKnownFileType = folder.assetcatalog; path = Assets.xcassets; sourceTree = "<group>"; };
		A20000014 /* Info.plist */ = {isa = PBXFileReference; lastKnownFileType = text.plist.xml; path = Info.plist; sourceTree = "<group>"; };
		A20000015 /* GhostType.entitlements */ = {isa = PBXFileReference; lastKnownFileType = text.plist.entitlements; path = GhostType.entitlements; sourceTree = "<group>"; };
		A20000017 /* MenuBarView.swift */ = {isa = PBXFileReference; lastKnownFileType = sourcecode.swift; path = MenuBarView.swift; sourceTree = "<group>"; };
		A20000030 /* Localizable.xcstrings */ = {isa = PBXFileReference; lastKnownFileType = text.json.xcstrings; path = Localizable.xcstrings; sourceTree = "<group>"; };
		A20000031 /* InfoPlist.xcstrings */ = {isa = PBXFileReference; lastKnownFileType = text.json.xcstrings; path = InfoPlist.xcstrings; sourceTree = "<group>"; };
		A20000099 /* GhostType.app */ = {isa = PBXFileReference; explicitFileType = wrapper.application; includeInIndex = 0; path = GhostType.app; sourceTree = BUILT_PRODUCTS_DIR; };
/* End PBXFileReference section */

/* Begin PBXFrameworksBuildPhase section */
		A30000001 /* Frameworks */ = {
			isa = PBXFrameworksBuildPhase;
			buildActionMask = 2147483647;
			files = (
				B10000001 /* Sparkle in Frameworks */,
			);
			runOnlyForDeploymentPostprocessing = 0;
		};
/* End PBXFrameworksBuildPhase section */

/* Begin PBXGroup section */
		A40000001 = {
			isa = PBXGroup;
			children = (
				A40000002 /* GhostType */,
				A40000099 /* Products */,
			);
			sourceTree = "<group>";
		};
		A40000002 /* GhostType */ = {
			isa = PBXGroup;
			children = (
				A40000003 /* App */,
				A40000004 /* Core */,
				A40000005 /* LLM */,
				A40000006 /* UI */,
				A40000007 /* Resources */,
				A20000014 /* Info.plist */,
				A20000015 /* GhostType.entitlements */,
			);
			path = GhostType;
			sourceTree = "<group>";
		};
		A40000003 /* App */ = {
			isa = PBXGroup;
			children = (
				A20000001 /* GhostTypeApp.swift */,
				A20000002 /* AppDelegate.swift */,
				A20000003 /* SettingsView.swift */,
				A20000017 /* MenuBarView.swift */,
			);
			path = App;
			sourceTree = "<group>";
		};
		A40000004 /* Core */ = {
			isa = PBXGroup;
			children = (
				A20000004 /* AccessibilityManager.swift */,
				A20000005 /* GlobalKeyMonitor.swift */,
				A20000006 /* CompletionEngine.swift */,
				A20000020 /* InputSourceMonitor.swift */,
				A20000021 /* CompletionController.swift */,
				A20000044 /* AppCompatibility.swift */,
				A20000045 /* WritingStyleStore.swift */,
			);
			path = Core;
			sourceTree = "<group>";
		};
		A40000005 /* LLM */ = {
			isa = PBXGroup;
			children = (
				A20000007 /* LLMProvider.swift */,
				A20000040 /* BundledLlamaServer.swift */,
				A20000041 /* ModelCatalog.swift */,
				A20000042 /* ModelDownloader.swift */,
				A20000043 /* CompletionGrammar.swift */,
			);
			path = LLM;
			sourceTree = "<group>";
		};
		A40000006 /* UI */ = {
			isa = PBXGroup;
			children = (
				A20000011 /* OverlayWindow.swift */,
				A20000012 /* CompletionPopup.swift */,
			);
			path = UI;
			sourceTree = "<group>";
		};
		A40000007 /* Resources */ = {
			isa = PBXGroup;
			children = (
				A20000013 /* Assets.xcassets */,
				A20000030 /* Localizable.xcstrings */,
				A20000031 /* InfoPlist.xcstrings */,
			);
			path = Resources;
			sourceTree = "<group>";
		};
		A40000099 /* Products */ = {
			isa = PBXGroup;
			children = (
				A20000099 /* GhostType.app */,
			);
			name = Products;
			sourceTree = "<group>";
		};
/* End PBXGroup section */

/* Begin PBXNativeTarget section */
		A50000001 /* GhostType */ = {
			isa = PBXNativeTarget;
			buildConfigurationList = A70000003 /* Build configuration list for PBXNativeTarget "GhostType" */;
			buildPhases = (
				A60000001 /* Sources */,
				A30000001 /* Frameworks */,
				A60000002 /* Resources */,
				A60000003 /* Embed llama.cpp */,
			);
			buildRules = (
			);
			dependencies = (
			);
			name = GhostType;
			packageProductDependencies = (
				B90000001 /* Sparkle */,
			);
			productName = GhostType;
			productReference = A20000099 /* GhostType.app */;
			productType = "com.apple.product-type.application";
		};
/* End PBXNativeTarget section */

/* Begin PBXProject section */
		A80000001 /* Project object */ = {
			isa = PBXProject;
			attributes = {
				BuildIndependentTargetsInParallel = 1;
				LastSwiftUpdateCheck = 1540;
				LastUpgradeCheck = 1620;
				TargetAttributes = {
					A50000001 = {
						CreatedOnToolsVersion = 15.4;
					};
				};
			};
			buildConfigurationList = A70000001 /* Build configuration list for PBXProject "GhostType" */;
			compatibilityVersion = "Xcode 14.0";
			developmentRegion = en;
			hasScannedForEncodings = 0;
			knownRegions = (
				en,
				ja,
				Base,
			);
			mainGroup = A40000001;
			packageReferences = (
				B80000001 /* XCRemoteSwiftPackageReference "Sparkle" */,
			);
			productRefGroup = A40000099 /* Products */;
			projectDirPath = "";
			projectRoot = "";
			targets = (
				A50000001 /* GhostType */,
			);
		};
/* End PBXProject section */

/* Begin PBXResourcesBuildPhase section */
		A60000002 /* Resources */ = {
			isa = PBXResourcesBuildPhase;
			buildActionMask = 2147483647;
			files = (
				A10000013 /* Assets.xcassets in Resources */,
				A10000030 /* Localizable.xcstrings in Resources */,
				A10000031 /* InfoPlist.xcstrings in Resources */,
			);
			runOnlyForDeploymentPostprocessing = 0;
		};
/* End PBXResourcesBuildPhase section */

/* Begin PBXShellScriptBuildPhase section */
		A60000003 /* Embed llama.cpp */ = {
			isa = PBXShellScriptBuildPhase;
			alwaysOutOfDate = 1;
			buildActionMask = 2147483647;
			files = (
			);
			inputPaths = (
			);
			name = "Embed llama.cpp";
			outputPaths = (
			);
			runOnlyForDeploymentPostprocessing = 0;
			shellPath = /bin/sh;
			shellScript = "\"$SRCROOT/scripts/embed-llama.sh\"\n";
		};
/* End PBXShellScriptBuildPhase section */

/* Begin PBXSourcesBuildPhase section */
		A60000001 /* Sources */ = {
			isa = PBXSourcesBuildPhase;
			buildActionMask = 2147483647;
			files = (
				A10000001 /* GhostTypeApp.swift in Sources */,
				A10000002 /* AppDelegate.swift in Sources */,
				A10000003 /* SettingsView.swift in Sources */,
				A10000004 /* AccessibilityManager.swift in Sources */,
				A10000005 /* GlobalKeyMonitor.swift in Sources */,
				A10000006 /* CompletionEngine.swift in Sources */,
				A10000020 /* InputSourceMonitor.swift in Sources */,
				A10000021 /* CompletionController.swift in Sources */,
				A10000044 /* AppCompatibility.swift in Sources */,
				A10000045 /* WritingStyleStore.swift in Sources */,
				A10000007 /* LLMProvider.swift in Sources */,
				A10000040 /* BundledLlamaServer.swift in Sources */,
				A10000041 /* ModelCatalog.swift in Sources */,
				A10000042 /* ModelDownloader.swift in Sources */,
				A10000043 /* CompletionGrammar.swift in Sources */,
				A10000011 /* OverlayWindow.swift in Sources */,
				A10000012 /* CompletionPopup.swift in Sources */,
				A10000015 /* MenuBarView.swift in Sources */,
			);
			runOnlyForDeploymentPostprocessing = 0;
		};
/* End PBXSourcesBuildPhase section */

/* Begin XCBuildConfiguration section */
		A70000011 /* Debug */ = {
			isa = XCBuildConfiguration;
			buildSettings = {
				ALWAYS_SEARCH_USER_PATHS = NO;
				ASSETCATALOG_COMPILER_GENERATE_SWIFT_ASSET_SYMBOL_EXTENSIONS = YES;
				CLANG_ANALYZER_LOCALIZABILITY_NONLOCALIZED = YES;
				CLANG_ANALYZER_NONNULL = YES;
				CLANG_CXX_LANGUAGE_STANDARD = "gnu++20";
				CLANG_ENABLE_MODULES = YES;
				CLANG_ENABLE_OBJC_ARC = YES;
				CLANG_WARN_BLOCK_CAPTURE_AUTORELEASING = YES;
				CLANG_WARN_BOOL_CONVERSION = YES;
				CLANG_WARN_COMMA = YES;
				CLANG_WARN_CONSTANT_CONVERSION = YES;
				CLANG_WARN_DEPRECATED_OBJC_IMPLEMENTATIONS = YES;
				CLANG_WARN_EMPTY_BODY = YES;
				CLANG_WARN_ENUM_CONVERSION = YES;
				CLANG_WARN_INFINITE_RECURSION = YES;
				CLANG_WARN_INT_CONVERSION = YES;
				CLANG_WARN_NON_LITERAL_NULL_CONVERSION = YES;
				CLANG_WARN_OBJC_IMPLICIT_RETAIN_SELF = YES;
				CLANG_WARN_OBJC_LITERAL_CONVERSION = YES;
				CLANG_WARN_QUOTED_INCLUDE_IN_FRAMEWORK_HEADER = YES;
				CLANG_WARN_RANGE_LOOP_ANALYSIS = YES;
				CLANG_WARN_STRICT_PROTOTYPES = YES;
				CLANG_WARN_SUSPICIOUS_MOVE = YES;
				CLANG_WARN_UNREACHABLE_CODE = YES;
				CLANG_WARN__DUPLICATE_METHOD_MATCH = YES;
				COPY_PHASE_STRIP = NO;
				DEAD_CODE_STRIPPING = YES;
				DEBUG_INFORMATION_FORMAT = dwarf;
				ENABLE_STRICT_OBJC_MSGSEND = YES;
				ENABLE_TESTABILITY = YES;
				ENABLE_USER_SCRIPT_SANDBOXING = NO;
				GCC_DYNAMIC_NO_PIC = NO;
				GCC_NO_COMMON_BLOCKS = YES;
				GCC_OPTIMIZATION_LEVEL = 0;
				GCC_WARN_64_TO_32_BIT_CONVERSION = YES;
				GCC_WARN_ABOUT_RETURN_TYPE = YES_ERROR;
				GCC_WARN_UNDECLARED_SELECTOR = YES;
				GCC_WARN_UNINITIALIZED_AUTOS = YES_AGGRESSIVE;
				GCC_WARN_UNUSED_FUNCTION = YES;
				GCC_WARN_UNUSED_VARIABLE = YES;
				MACOSX_DEPLOYMENT_TARGET = 14.0;
				MTL_ENABLE_DEBUG_INFO = INCLUDE_SOURCE;
				ONLY_ACTIVE_ARCH = YES;
				SDKROOT = macosx;
				SWIFT_ACTIVE_COMPILATION_CONDITIONS = "DEBUG $(inherited)";
				SWIFT_OPTIMIZATION_LEVEL = "-Onone";
			};
			name = Debug;
		};
		A70000012 /* Release */ = {
			isa = XCBuildConfiguration;
			buildSettings = {
				ALWAYS_SEARCH_USER_PATHS = NO;
				ASSETCATALOG_COMPILER_GENERATE_SWIFT_ASSET_SYMBOL_EXTENSIONS = YES;
				CLANG_ANALYZER_LOCALIZABILITY_NONLOCALIZED = YES;
				CLANG_ANALYZER_NONNULL = YES;
				CLANG_CXX_LANGUAGE_STANDARD = "gnu++20";
				CLANG_ENABLE_MODULES = YES;
				CLANG_ENABLE_OBJC_ARC = YES;
				CLANG_WARN_BLOCK_CAPTURE_AUTORELEASING = YES;
				CLANG_WARN_BOOL_CONVERSION = YES;
				CLANG_WARN_COMMA = YES;
				CLANG_WARN_CONSTANT_CONVERSION = YES;
				CLANG_WARN_DEPRECATED_OBJC_IMPLEMENTATIONS = YES;
				CLANG_WARN_EMPTY_BODY = YES;
				CLANG_WARN_ENUM_CONVERSION = YES;
				CLANG_WARN_INFINITE_RECURSION = YES;
				CLANG_WARN_INT_CONVERSION = YES;
				CLANG_WARN_NON_LITERAL_NULL_CONVERSION = YES;
				CLANG_WARN_OBJC_IMPLICIT_RETAIN_SELF = YES;
				CLANG_WARN_OBJC_LITERAL_CONVERSION = YES;
				CLANG_WARN_QUOTED_INCLUDE_IN_FRAMEWORK_HEADER = YES;
				CLANG_WARN_RANGE_LOOP_ANALYSIS = YES;
				CLANG_WARN_STRICT_PROTOTYPES = YES;
				CLANG_WARN_SUSPICIOUS_MOVE = YES;
				CLANG_WARN_UNREACHABLE_CODE = YES;
				CLANG_WARN__DUPLICATE_METHOD_MATCH = YES;
				COPY_PHASE_STRIP = NO;
				DEAD_CODE_STRIPPING = YES;
				DEBUG_INFORMATION_FORMAT = "dwarf-with-dsym";
				ENABLE_NS_ASSERTIONS = NO;
				ENABLE_STRICT_OBJC_MSGSEND = YES;
				ENABLE_USER_SCRIPT_SANDBOXING = NO;
				GCC_NO_COMMON_BLOCKS = YES;
				GCC_WARN_64_TO_32_BIT_CONVERSION = YES;
				GCC_WARN_ABOUT_RETURN_TYPE = YES_ERROR;
				GCC_WARN_UNDECLARED_SELECTOR = YES;
				GCC_WARN_UNINITIALIZED_AUTOS = YES_AGGRESSIVE;
				GCC_WARN_UNUSED_FUNCTION = YES;
				GCC_WARN_UNUSED_VARIABLE = YES;
				MACOSX_DEPLOYMENT_TARGET = 14.0;
				MTL_ENABLE_DEBUG_INFO = NO;
				SDKROOT = macosx;
				SWIFT_COMPILATION_MODE = wholemodule;
			};
			name = Release;
		};
		A70000021 /* Debug */ = {
			isa = XCBuildConfiguration;
			buildSettings = {
				ASSETCATALOG_COMPILER_APPICON_NAME = AppIcon;
				CODE_SIGN_ENTITLEMENTS = GhostType/GhostType.entitlements;
				CODE_SIGN_STYLE = Automatic;
				COMBINE_HIDPI_IMAGES = YES;
				CURRENT_PROJECT_VERSION = 5;
				DEAD_CODE_STRIPPING = YES;
				GENERATE_INFOPLIST_FILE = NO;
				INFOPLIST_FILE = GhostType/Info.plist;
				LD_RUNPATH_SEARCH_PATHS = (
					"$(inherited)",
					"@executable_path/../Frameworks",
				);
				MARKETING_VERSION = 1.0.0;
				PRODUCT_BUNDLE_IDENTIFIER = com.ghosttype.app;
				PRODUCT_NAME = "$(TARGET_NAME)";
				SWIFT_EMIT_LOC_STRINGS = YES;
				SWIFT_VERSION = 5.0;
			};
			name = Debug;
		};
		A70000022 /* Release */ = {
			isa = XCBuildConfiguration;
			buildSettings = {
				ASSETCATALOG_COMPILER_APPICON_NAME = AppIcon;
				CODE_SIGN_ENTITLEMENTS = GhostType/GhostType.entitlements;
				CODE_SIGN_STYLE = Automatic;
				COMBINE_HIDPI_IMAGES = YES;
				CURRENT_PROJECT_VERSION = 5;
				DEAD_CODE_STRIPPING = YES;
				GENERATE_INFOPLIST_FILE = NO;
				INFOPLIST_FILE = GhostType/Info.plist;
				LD_RUNPATH_SEARCH_PATHS = (
					"$(inherited)",
					"@executable_path/../Frameworks",
				);
				MARKETING_VERSION = 1.0.0;
				PRODUCT_BUNDLE_IDENTIFIER = com.ghosttype.app;
				PRODUCT_NAME = "$(TARGET_NAME)";
				SWIFT_EMIT_LOC_STRINGS = YES;
				SWIFT_VERSION = 5.0;
			};
			name = Release;
		};
/* End XCBuildConfiguration section */

/* Begin XCConfigurationList section */
		A70000001 /* Build configuration list for PBXProject "GhostType" */ = {
			isa = XCConfigurationList;
			buildConfigurations = (
				A70000011 /* Debug */,
				A70000012 /* Release */,
			);
			defaultConfigurationIsVisible = 0;
			defaultConfigurationName = Release;
		};
		A70000003 /* Build configuration list for PBXNativeTarget "GhostType" */ = {
			isa = XCConfigurationList;
			buildConfigurations = (
				A70000021 /* Debug */,
				A70000022 /* Release */,
			);
			defaultConfigurationIsVisible = 0;
			defaultConfigurationName = Release;
		};
/* End XCConfigurationList section */

/* Begin XCRemoteSwiftPackageReference section */
		B80000001 /* XCRemoteSwiftPackageReference "Sparkle" */ = {
			isa = XCRemoteSwiftPackageReference;
			repositoryURL = "https://github.com/sparkle-project/Sparkle.git";
			requirement = {
				kind = upToNextMajorVersion;
				minimumVersion = 2.9.2;
			};
		};
/* End XCRemoteSwiftPackageReference section */

/* Begin XCSwiftPackageProductDependency section */
		B90000001 /* Sparkle */ = {
			isa = XCSwiftPackageProductDependency;
			package = B80000001 /* XCRemoteSwiftPackageReference "Sparkle" */;
			productName = Sparkle;
		};
/* End XCSwiftPackageProductDependency section */
	};
	rootObject = A80000001 /* Project object */;
}
